<?xml version="1.0" encoding="utf-8"?>
<Project ToolsVersion="4.0" xmlns="http://schemas.microsoft.com/developer/msbuild/2003">
  <ItemGroup>
    <Filter Include="源文件">
      <UniqueIdentifier>{4FC737F1-C7A5-4376-A066-2A32D752A2FF}</UniqueIdentifier>
      <Extensions>cpp;c;cc;cxx;def;odl;idl;hpj;bat;asm;asmx</Extensions>
    </Filter>
    <Filter Include="头文件">
      <UniqueIdentifier>{93995380-89BD-4b04-88EB-625FBE52EBFB}</UniqueIdentifier>
      <Extensions>h;hh;hpp;hxx;hm;inl;inc;xsd</Extensions>
    </Filter>
    <Filter Include="资源文件">
      <UniqueIdentifier>{67DA6AB6-F800-4c08-8B7A-83BB121AAD01}</UniqueIdentifier>
      <Extensions>rc;ico;cur;bmp;dlg;rc2;rct;bin;rgs;gif;jpg;jpeg;jpe;resx;tiff;tif;png;wav;mfcribbon-ms</Extensions>
    </Filter>
    <Filter Include="lua">
      <UniqueIdentifier>{8490a2e0-3e44-400c-b92a-1ab3f94c39ba}</UniqueIdentifier>
    </Filter>
    <Filter Include="lua\src">
      <UniqueIdentifier>{929bbee3-5714-42d2-99e0-39eb863fa3e4}</UniqueIdentifier>
    </Filter>
    <Filter Include="lua_wrapper">
      <UniqueIdentifier>{96c73017-6f29-4d8f-a100-ef7558df1dcc}</UniqueIdentifier>
    </Filter>
  </ItemGroup>
  <ItemGroup>
    <ClCompile Include="main.cpp">
      <Filter>源文件</Filter>
    </ClCompile>
    <ClCompile Include="lua\src\lapi.c">
      <Filter>lua\src</Filter>
    </ClCompile>
    <ClCompile Include="lua\src\lauxlib.c">
      <Filter>lua\src</Filter>
    </ClCompile>
    <ClCompile Include="lua\src\lbaselib.c">
      <Filter>lua\src</Filter>
    </ClCompile>
    <ClCompile Include="lua\src\lbitlib.c">
      <Filter>lua\src</Filter>
    </ClCompile>
    <ClCompile Include="lua\src\lcode.c">
      <Filter>lua\src</Filter>
    </ClCompile>
    <ClCompile Include="lua\src\lcorolib.c">
      <Filter>lua\src</Filter>
    </ClCompile>
    <ClCompile Include="lua\src\lctype.c">
      <Filter>lua\src</Filter>
    </ClCompile>
    <ClCompile Include="lua\src\ldblib.c">
      <Filter>lua\src</Filter>
    </ClCompile>
    <ClCompile Include="lua\src\ldebug.c">
      <Filter>lua\src</Filter>
    </ClCompile>
    <ClCompile Include="lua\src\ldo.c">
      <Filter>lua\src</Filter>
    </ClCompile>
    <ClCompile Include="lua\src\ldump.c">
      <Filter>lua\src</Filter>
    </ClCompile>
    <ClCompile Include="lua\src\lfunc.c">
      <Filter>lua\src</Filter>
    </ClCompile>
    <ClCompile Include="lua\src\lgc.c">
      <Filter>lua\src</Filter>
    </ClCompile>
    <ClCompile Include="lua\src\linit.c">
      <Filter>lua\src</Filter>
    </ClCompile>
    <ClCompile Include="lua\src\liolib.c">
      <Filter>lua\src</Filter>
    </ClCompile>
    <ClCompile Include="lua\src\llex.c">
      <Filter>lua\src</Filter>
    </ClCompile>
    <ClCompile Include="lua\src\lmathlib.c">
      <Filter>lua\src</Filter>
    </ClCompile>
    <ClCompile Include="lua\src\lmem.c">
      <Filter>lua\src</Filter>
    </ClCompile>
    <ClCompile Include="lua\src\loadlib.c">
      <Filter>lua\src</Filter>
    </ClCompile>
    <ClCompile Include="lua\src\lobject.c">
      <Filter>lua\src</Filter>
    </ClCompile>
    <ClCompile Include="lua\src\lopcodes.c">
      <Filter>lua\src</Filter>
    </ClCompile>
    <ClCompile Include="lua\src\loslib.c">
      <Filter>lua\src</Filter>
    </ClCompile>
    <ClCompile Include="lua\src\lparser.c">
      <Filter>lua\src</Filter>
    </ClCompile>
    <ClCompile Include="lua\src\lstate.c">
      <Filter>lua\src</Filter>
    </ClCompile>
    <ClCompile Include="lua\src\lstring.c">
      <Filter>lua\src</Filter>
    </ClCompile>
    <ClCompile Include="lua\src\lstrlib.c">
      <Filter>lua\src</Filter>
    </ClCompile>
    <ClCompile Include="lua\src\ltable.c">
      <Filter>lua\src</Filter>
    </ClCompile>
    <ClCompile Include="lua\src\ltablib.c">
      <Filter>lua\src</Filter>
    </ClCompile>
    <ClCompile Include="lua\src\ltm.c">
      <Filter>lua\src</Filter>
    </ClCompile>
    <ClCompile Include="lua\src\lundump.c">
      <Filter>lua\src</Filter>
    </ClCompile>
    <ClCompile Include="lua\src\lutf8lib.c">
      <Filter>lua\src</Filter>
    </ClCompile>
    <ClCompile Include="lua\src\lvm.c">
      <Filter>lua\src</Filter>
    </ClCompile>
    <ClCompile Include="lua\src\lzio.c">
      <Filter>lua\src</Filter>
    </ClCompile>
    <ClCompile Include="lua_wrapper\lua_iostream.cpp">
      <Filter>lua_wrapper</Filter>
    </ClCompile>
    <ClCompile Include="lua_wrapper\lua_wrapper.cpp">
      <Filter>lua_wrapper</Filter>
    </ClCompile>
  </ItemGroup>
  <ItemGroup>
    <ClInclude Include="lua\src\lapi.h">
      <Filter>lua\src</Filter>
    </ClInclude>
    <ClInclude Include="lua\src\lauxlib.h">
      <Filter>lua\src</Filter>
    </ClInclude>
    <ClInclude Include="lua\src\lcode.h">
      <Filter>lua\src</Filter>
    </ClInclude>
    <ClInclude Include="lua\src\lctype.h">
      <Filter>lua\src</Filter>
    </ClInclude>
    <ClInclude Include="lua\src\ldebug.h">
      <Filter>lua\src</Filter>
    </ClInclude>
    <ClInclude Include="lua\src\ldo.h">
      <Filter>lua\src</Filter>
    </ClInclude>
    <ClInclude Include="lua\src\lfunc.h">
      <Filter>lua\src</Filter>
    </ClInclude>
    <ClInclude Include="lua\src\lgc.h">
      <Filter>lua\src</Filter>
    </ClInclude>
    <ClInclude Include="lua\src\llex.h">
      <Filter>lua\src</Filter>
    </ClInclude>
    <ClInclude Include="lua\src\llimits.h">
      <Filter>lua\src</Filter>
    </ClInclude>
    <ClInclude Include="lua\src\lmem.h">
      <Filter>lua\src</Filter>
    </ClInclude>
    <ClInclude Include="lua\src\lobject.h">
      <Filter>lua\src</Filter>
    </ClInclude>
    <ClInclude Include="lua\src\lopcodes.h">
      <Filter>lua\src</Filter>
    </ClInclude>
    <ClInclude Include="lua\src\lparser.h">
      <Filter>lua\src</Filter>
    </ClInclude>
    <ClInclude Include="lua\src\lprefix.h">
      <Filter>lua\src</Filter>
    </ClInclude>
    <ClInclude Include="lua\src\lstate.h">
      <Filter>lua\src</Filter>
    </ClInclude>
    <ClInclude Include="lua\src\lstring.h">
      <Filter>lua\src</Filter>
    </ClInclude>
    <ClInclude Include="lua\src\ltable.h">
      <Filter>lua\src</Filter>
    </ClInclude>
    <ClInclude Include="lua\src\ltm.h">
      <Filter>lua\src</Filter>
    </ClInclude>
    <ClInclude Include="lua\src\lua.h">
      <Filter>lua\src</Filter>
    </ClInclude>
    <ClInclude Include="lua\src\lua.hpp">
      <Filter>lua\src</Filter>
    </ClInclude>
    <ClInclude Include="lua\src\luaconf.h">
      <Filter>lua\src</Filter>
    </ClInclude>
    <ClInclude Include="lua\src\lualib.h">
      <Filter>lua\src</Filter>
    </ClInclude>
    <ClInclude Include="lua\src\lundump.h">
      <Filter>lua\src</Filter>
    </ClInclude>
    <ClInclude Include="lua\src\lvm.h">
      <Filter>lua\src</Filter>
    </ClInclude>
    <ClInclude Include="lua\src\lzio.h">
      <Filter>lua\src</Filter>
    </ClInclude>
    <ClInclude Include="lua_wrapper\lua_iostream.h">
      <Filter>lua_wrapper</Filter>
    </ClInclude>
    <ClInclude Include="lua_wrapper\lua_wrapper.h">
      <Filter>lua_wrapper</Filter>
    </ClInclude>
    <ClInclude Include="lua_wrapper\lua_wrapper_base.h">
      <Filter>lua_wrapper</Filter>
    </ClInclude>
    <ClInclude Include="lua_wrapper\MacroDefBase.h">
      <Filter>lua_wrapper</Filter>
    </ClInclude>
    <ClInclude Include="lua_wrapper\MetaUtility.h">
      <Filter>lua_wrapper</Filter>
    </ClInclude>
  </ItemGroup>
  <ItemGroup>
    <None Include="lua\src\Makefile">
      <Filter>lua\src</Filter>
    </None>
  </ItemGroup>
</Project>